<?xml version="1.0" encoding="utf-8"?>
<Project ToolsVersion="4.0" xmlns="http://schemas.microsoft.com/developer/msbuild/2003">
  <ItemGroup>
    <ClCompile Include="src\CServer.cpp" />
    <ClCompile Include="src\Epoll.cpp" />
    <ClCompile Include="src\HttpParser.cpp" />
    <ClCompile Include="third_party\http_parser\http_parser.c" />
    <ClCompile Include="src\Logger.cpp" />
    <ClCompile Include="src\main.cpp" />
    <ClCompile Include="src\Thread.cpp" />
    <ClCompile Include="third_party\sqlite3\sqlite3.c">
      <Filter>sqlite3</Filter>
    </ClCompile>
    <ClCompile Include="src\DatabaseHelper.cpp" />
    <ClCompile Include="src\Sqlite3Client.cpp" />
    <ClCompile Include="src\MysqlClient.cpp" />
    <ClCompile Include="src\Crypto.cpp" />
    <ClCompile Include="third_party\jsoncpp\json_reader.cpp">
      <Filter>jsoncpp</Filter>
    </ClCompile>
    <ClCompile Include="third_party\jsoncpp\json_value.cpp">
      <Filter>jsoncpp</Filter>
    </ClCompile>
    <ClCompile Include="third_party\jsoncpp\json_writer.cpp">
      <Filter>jsoncpp</Filter>
    </ClCompile>
  </ItemGroup>
  <ItemGroup>
    <ClInclude Include="include\CServer.h" />
    <ClInclude Include="include\EdoyunPlayerServer.h" />
    <ClInclude Include="include\Epoll.h" />
    <ClInclude Include="include\Function.h" />
    <ClInclude Include="include\HttpParser.h" />
    <ClInclude Include="third_party\http_parser\http_parser.h" />
    <ClInclude Include="include\Logger.h" />
    <ClInclude Include="include\Process.h" />
    <ClInclude Include="include\Socket.h" />
    <ClInclude Include="include\Thread.h" />
    <ClInclude Include="include\ThreadPool.h" />
    <ClInclude Include="third_party\sqlite3\sqlite3.h">
      <Filter>sqlite3</Filter>
    </ClInclude>
    <ClInclude Include="third_party\sqlite3\sqlite3ext.h">
      <Filter>sqlite3</Filter>
    </ClInclude>
    <ClInclude Include="include\DatabaseHelper.h" />
    <ClInclude Include="include\Public.h" />
    <ClInclude Include="include\Sqlite3Client.h" />
    <ClInclude Include="include\MysqlClient.h" />
    <ClInclude Include="include\Crypto.h" />
    <ClInclude Include="third_party\jsoncpp\allocator.h">
      <Filter>jsoncpp</Filter>
    </ClInclude>
    <ClInclude Include="third_party\jsoncpp\assertions.h">
      <Filter>jsoncpp</Filter>
    </ClInclude>
    <ClInclude Include="third_party\jsoncpp\config.h">
      <Filter>jsoncpp</Filter>
    </ClInclude>
    <ClInclude Include="third_party\jsoncpp\forwards.h">
      <Filter>jsoncpp</Filter>
    </ClInclude>
    <ClInclude Include="third_party\jsoncpp\json.h">
      <Filter>jsoncpp</Filter>
    </ClInclude>
    <ClInclude Include="third_party\jsoncpp\json_features.h">
      <Filter>jsoncpp</Filter>
    </ClInclude>
    <ClInclude Include="third_party\jsoncpp\json_tool.h">
      <Filter>jsoncpp</Filter>
    </ClInclude>
    <ClInclude Include="third_party\jsoncpp\reader.h">
      <Filter>jsoncpp</Filter>
    </ClInclude>
    <ClInclude Include="third_party\jsoncpp\value.h">
      <Filter>jsoncpp</Filter>
    </ClInclude>
    <ClInclude Include="third_party\jsoncpp\version.h">
      <Filter>jsoncpp</Filter>
    </ClInclude>
    <ClInclude Include="third_party\jsoncpp\writer.h">
      <Filter>jsoncpp</Filter>
    </ClInclude>
  </ItemGroup>
  <ItemGroup>
    <Filter Include="sqlite3">
      <UniqueIdentifier>{a4ed798a-f4db-4d76-8382-74694fdbad18}</UniqueIdentifier>
    </Filter>
    <Filter Include="jsoncpp">
      <UniqueIdentifier>{e753d81f-e065-44e0-a78d-3ee4a88e99af}</UniqueIdentifier>
    </Filter>
  </ItemGroup>
  <ItemGroup>
    <None Include="third_party\jsoncpp\json_valueiterator.inl">
      <Filter>jsoncpp</Filter>
    </None>
  </ItemGroup>
</Project>